
Microsoft Visual Studio Solution File, Format Version 12.00
# Visual Studio 2012
Project("{2150E333-8FDC-42A3-9474-1A3956D46DE8}") = "Logging", "Logging", "{C286CFCA-EB94-4660-AA8D-D6FFDC8F279C}"
EndProject
Project("{2150E333-8FDC-42A3-9474-1A3956D46DE8}") = "Core", "Core", "{FBC14D9A-2141-4F78-B78B-5051E2AD6D6B}"
EndProject
Project("{FAE04EC0-301F-11D3-BF4B-00C04F79EFBC}") = "Domain", "Domain\Domain.csproj", "{8D965C8B-CB11-496A-9338-8EE50F4E1D76}"
EndProject
Project("{FAE04EC0-301F-11D3-BF4B-00C04F79EFBC}") = "Model", "Model\Model.csproj", "{2B45C7C4-C8F8-40C7-AE4B-8B12F134766E}"
EndProject
Project("{FAE04EC0-301F-11D3-BF4B-00C04F79EFBC}") = "Common", "Common\Common.csproj", "{BFCD93CC-8FED-4529-9E86-F7F0738F2322}"
EndProject
Project("{2150E333-8FDC-42A3-9474-1A3956D46DE8}") = "Test", "Test", "{5BECD166-EA7C-4E15-8918-E3523E70B5C5}"
EndProject
Project("{FAE04EC0-301F-11D3-BF4B-00C04F79EFBC}") = "Web", "Web\Web.csproj", "{5F2BFF15-9C23-4E85-B564-E85B4B7DE048}"
EndProject
Project("{2150E333-8FDC-42A3-9474-1A3956D46DE8}") = "Website", "Website", "{6BAE89BF-A884-4209-9145-D833A4D292C5}"
EndProject
Project("{FAE04EC0-301F-11D3-BF4B-00C04F79EFBC}") = "DBoxSite", "DBoxSite\DBoxSite.csproj", "{79D154F1-86D0-4C8B-9A4B-080FCC844089}"
EndProject
Project("{2150E333-8FDC-42A3-9474-1A3956D46DE8}") = "WindowsServices", "WindowsServices", "{EE8D20CB-3642-420B-B821-327842F9EF8A}"
EndProject
Project("{FAE04EC0-301F-11D3-BF4B-00C04F79EFBC}") = "OTALogService", "OTALogService\OTALogService.csproj", "{C2B30267-1220-4A3C-840F-3A2CF183CEA2}"
EndProject
Project("{FAE04EC0-301F-11D3-BF4B-00C04F79EFBC}") = "OTAStatServices", "OTAStatServices\OTAStatServices.csproj", "{4EAB08FD-A506-4C01-8C3C-32330FFA93D9}"
EndProject
Project("{2150E333-8FDC-42A3-9474-1A3956D46DE8}") = "ConsoleApp", "ConsoleApp", "{0A33D0B6-F1A0-4FDD-A03B-6712153B5EA7}"
EndProject
Project("{FAE04EC0-301F-11D3-BF4B-00C04F79EFBC}") = "MailAsyncApp", "MailAsyncApp\MailAsyncApp.csproj", "{CFEA1CC2-DE83-4DB8-AAAC-D14863F6DFF7}"
EndProject
Project("{FAE04EC0-301F-11D3-BF4B-00C04F79EFBC}") = "RocketDataApp", "RocketDataApp\RocketDataApp.csproj", "{3AA95BA9-DFBA-4438-BC92-F143855A6C36}"
EndProject
Project("{FAE04EC0-301F-11D3-BF4B-00C04F79EFBC}") = "DManageSite", "DManageSite\DManageSite.csproj", "{4B7EF928-A93C-4F4B-9EB8-EDC1DAB0A092}"
EndProject
Project("{FAE04EC0-301F-11D3-BF4B-00C04F79EFBC}") = "UnitTests", "..\Test\UnitTests\UnitTests.csproj", "{0A93E842-B06F-4C93-966E-E6D385CA72A9}"
EndProject
Project("{FAE04EC0-301F-11D3-BF4B-00C04F79EFBC}") = "MD5FileChecker", "MD5FileChecker\MD5FileChecker.csproj", "{E3216901-80EF-4F34-85F9-930DA728152D}"
EndProject
Global
	GlobalSection(SolutionConfigurationPlatforms) = preSolution
		Debug|Any CPU = Debug|Any CPU
		Release|Any CPU = Release|Any CPU
	EndGlobalSection
	GlobalSection(ProjectConfigurationPlatforms) = postSolution
		{8D965C8B-CB11-496A-9338-8EE50F4E1D76}.Debug|Any CPU.ActiveCfg = Debug|Any CPU
		{8D965C8B-CB11-496A-9338-8EE50F4E1D76}.Debug|Any CPU.Build.0 = Debug|Any CPU
		{8D965C8B-CB11-496A-9338-8EE50F4E1D76}.Release|Any CPU.ActiveCfg = Release|Any CPU
		{8D965C8B-CB11-496A-9338-8EE50F4E1D76}.Release|Any CPU.Build.0 = Release|Any CPU
		{2B45C7C4-C8F8-40C7-AE4B-8B12F134766E}.Debug|Any CPU.ActiveCfg = Debug|Any CPU
		{2B45C7C4-C8F8-40C7-AE4B-8B12F134766E}.Debug|Any CPU.Build.0 = Debug|Any CPU
		{2B45C7C4-C8F8-40C7-AE4B-8B12F134766E}.Release|Any CPU.ActiveCfg = Release|Any CPU
		{2B45C7C4-C8F8-40C7-AE4B-8B12F134766E}.Release|Any CPU.Build.0 = Release|Any CPU
		{BFCD93CC-8FED-4529-9E86-F7F0738F2322}.Debug|Any CPU.ActiveCfg = Debug|Any CPU
		{BFCD93CC-8FED-4529-9E86-F7F0738F2322}.Debug|Any CPU.Build.0 = Debug|Any CPU
		{BFCD93CC-8FED-4529-9E86-F7F0738F2322}.Release|Any CPU.ActiveCfg = Release|Any CPU
		{BFCD93CC-8FED-4529-9E86-F7F0738F2322}.Release|Any CPU.Build.0 = Release|Any CPU
		{5F2BFF15-9C23-4E85-B564-E85B4B7DE048}.Debug|Any CPU.ActiveCfg = Debug|Any CPU
		{5F2BFF15-9C23-4E85-B564-E85B4B7DE048}.Debug|Any CPU.Build.0 = Debug|Any CPU
		{5F2BFF15-9C23-4E85-B564-E85B4B7DE048}.Release|Any CPU.ActiveCfg = Release|Any CPU
		{5F2BFF15-9C23-4E85-B564-E85B4B7DE048}.Release|Any CPU.Build.0 = Release|Any CPU
		{79D154F1-86D0-4C8B-9A4B-080FCC844089}.Debug|Any CPU.ActiveCfg = Debug|Any CPU
		{79D154F1-86D0-4C8B-9A4B-080FCC844089}.Debug|Any CPU.Build.0 = Debug|Any CPU
		{79D154F1-86D0-4C8B-9A4B-080FCC844089}.Release|Any CPU.ActiveCfg = Release|Any CPU
		{79D154F1-86D0-4C8B-9A4B-080FCC844089}.Release|Any CPU.Build.0 = Release|Any CPU
		{C2B30267-1220-4A3C-840F-3A2CF183CEA2}.Debug|Any CPU.ActiveCfg = Debug|Any CPU
		{C2B30267-1220-4A3C-840F-3A2CF183CEA2}.Debug|Any CPU.Build.0 = Debug|Any CPU
		{C2B30267-1220-4A3C-840F-3A2CF183CEA2}.Release|Any CPU.ActiveCfg = Release|Any CPU
		{C2B30267-1220-4A3C-840F-3A2CF183CEA2}.Release|Any CPU.Build.0 = Release|Any CPU
		{4EAB08FD-A506-4C01-8C3C-32330FFA93D9}.Debug|Any CPU.ActiveCfg = Debug|Any CPU
		{4EAB08FD-A506-4C01-8C3C-32330FFA93D9}.Debug|Any CPU.Build.0 = Debug|Any CPU
		{4EAB08FD-A506-4C01-8C3C-32330FFA93D9}.Release|Any CPU.ActiveCfg = Release|Any CPU
		{4EAB08FD-A506-4C01-8C3C-32330FFA93D9}.Release|Any CPU.Build.0 = Release|Any CPU
		{CFEA1CC2-DE83-4DB8-AAAC-D14863F6DFF7}.Debug|Any CPU.ActiveCfg = Debug|Any CPU
		{CFEA1CC2-DE83-4DB8-AAAC-D14863F6DFF7}.Debug|Any CPU.Build.0 = Debug|Any CPU
		{CFEA1CC2-DE83-4DB8-AAAC-D14863F6DFF7}.Release|Any CPU.ActiveCfg = Release|Any CPU
		{CFEA1CC2-DE83-4DB8-AAAC-D14863F6DFF7}.Release|Any CPU.Build.0 = Release|Any CPU
		{3AA95BA9-DFBA-4438-BC92-F143855A6C36}.Debug|Any CPU.ActiveCfg = Debug|Any CPU
		{3AA95BA9-DFBA-4438-BC92-F143855A6C36}.Debug|Any CPU.Build.0 = Debug|Any CPU
		{3AA95BA9-DFBA-4438-BC92-F143855A6C36}.Release|Any CPU.ActiveCfg = Release|Any CPU
		{3AA95BA9-DFBA-4438-BC92-F143855A6C36}.Release|Any CPU.Build.0 = Release|Any CPU
		{4B7EF928-A93C-4F4B-9EB8-EDC1DAB0A092}.Debug|Any CPU.ActiveCfg = Debug|Any CPU
		{4B7EF928-A93C-4F4B-9EB8-EDC1DAB0A092}.Debug|Any CPU.Build.0 = Debug|Any CPU
		{4B7EF928-A93C-4F4B-9EB8-EDC1DAB0A092}.Release|Any CPU.ActiveCfg = Release|Any CPU
		{4B7EF928-A93C-4F4B-9EB8-EDC1DAB0A092}.Release|Any CPU.Build.0 = Release|Any CPU
		{0A93E842-B06F-4C93-966E-E6D385CA72A9}.Debug|Any CPU.ActiveCfg = Debug|Any CPU
		{0A93E842-B06F-4C93-966E-E6D385CA72A9}.Debug|Any CPU.Build.0 = Debug|Any CPU
		{0A93E842-B06F-4C93-966E-E6D385CA72A9}.Release|Any CPU.ActiveCfg = Release|Any CPU
		{0A93E842-B06F-4C93-966E-E6D385CA72A9}.Release|Any CPU.Build.0 = Release|Any CPU
		{E3216901-80EF-4F34-85F9-930DA728152D}.Debug|Any CPU.ActiveCfg = Debug|Any CPU
		{E3216901-80EF-4F34-85F9-930DA728152D}.Debug|Any CPU.Build.0 = Debug|Any CPU
		{E3216901-80EF-4F34-85F9-930DA728152D}.Release|Any CPU.ActiveCfg = Release|Any CPU
		{E3216901-80EF-4F34-85F9-930DA728152D}.Release|Any CPU.Build.0 = Release|Any CPU
	EndGlobalSection
	GlobalSection(SolutionProperties) = preSolution
		HideSolutionNode = FALSE
	EndGlobalSection
	GlobalSection(NestedProjects) = preSolution
		{8D965C8B-CB11-496A-9338-8EE50F4E1D76} = {FBC14D9A-2141-4F78-B78B-5051E2AD6D6B}
		{2B45C7C4-C8F8-40C7-AE4B-8B12F134766E} = {FBC14D9A-2141-4F78-B78B-5051E2AD6D6B}
		{BFCD93CC-8FED-4529-9E86-F7F0738F2322} = {FBC14D9A-2141-4F78-B78B-5051E2AD6D6B}
		{5F2BFF15-9C23-4E85-B564-E85B4B7DE048} = {FBC14D9A-2141-4F78-B78B-5051E2AD6D6B}
		{0A93E842-B06F-4C93-966E-E6D385CA72A9} = {5BECD166-EA7C-4E15-8918-E3523E70B5C5}
		{79D154F1-86D0-4C8B-9A4B-080FCC844089} = {6BAE89BF-A884-4209-9145-D833A4D292C5}
		{4B7EF928-A93C-4F4B-9EB8-EDC1DAB0A092} = {6BAE89BF-A884-4209-9145-D833A4D292C5}
		{C2B30267-1220-4A3C-840F-3A2CF183CEA2} = {EE8D20CB-3642-420B-B821-327842F9EF8A}
		{4EAB08FD-A506-4C01-8C3C-32330FFA93D9} = {EE8D20CB-3642-420B-B821-327842F9EF8A}
		{CFEA1CC2-DE83-4DB8-AAAC-D14863F6DFF7} = {0A33D0B6-F1A0-4FDD-A03B-6712153B5EA7}
		{3AA95BA9-DFBA-4438-BC92-F143855A6C36} = {0A33D0B6-F1A0-4FDD-A03B-6712153B5EA7}
		{E3216901-80EF-4F34-85F9-930DA728152D} = {0A33D0B6-F1A0-4FDD-A03B-6712153B5EA7}
	EndGlobalSection
EndGlobal
